
Microsoft Visual Studio Solution File, Format Version 11.00
# Visual Studio 2010
# SharpDevelop 5.1
Project("{FAE04EC0-301F-11D3-BF4B-00C04F79EFBC}") = "Restart", "Restart.csproj", "{DE5B4CAA-FE21-42A0-933D-63A9829CDCCA}"
EndProject
Global
	GlobalSection(SolutionConfigurationPlatforms) = preSolution
		Debug|Any CPU = Debug|Any CPU
		Release|Any CPU = Release|Any CPU
	EndGlobalSection
	GlobalSection(ProjectConfigurationPlatforms) = postSolution
		{DE5B4CAA-FE21-42A0-933D-63A9829CDCCA}.Debug|Any CPU.ActiveCfg = Debug|Any CPU
		{DE5B4CAA-FE21-42A0-933D-63A9829CDCCA}.Debug|Any CPU.Build.0 = Debug|Any CPU
		{DE5B4CAA-FE21-42A0-933D-63A9829CDCCA}.Release|Any CPU.ActiveCfg = Release|Any CPU
		{DE5B4CAA-FE21-42A0-933D-63A9829CDCCA}.Release|Any CPU.Build.0 = Release|Any CPU
	EndGlobalSection
EndGlobal
